
Microsoft Visual Studio Solution File, Format Version 12.00
# Visual Studio Version 17
VisualStudioVersion = 17.12.35506.116 d17.12
MinimumVisualStudioVersion = 10.0.40219.1
Project("{FAE04EC0-301F-11D3-BF4B-00C04F79EFBC}") = "Umbraco.Community.Engage.LocationHeaders", "Umbraco.Community.Engage.LocationHeaders.csproj", "{0065D853-425B-43CC-9264-5D72ED282164}"
EndProject
Global
	GlobalSection(SolutionConfigurationPlatforms) = preSolution
		Debug|Any CPU = Debug|Any CPU
		Release|Any CPU = Release|Any CPU
	EndGlobalSection
	GlobalSection(ProjectConfigurationPlatforms) = postSolution
		{0065D853-425B-43CC-9264-5D72ED282164}.Debug|Any CPU.ActiveCfg = Debug|Any CPU
		{0065D853-425B-43CC-9264-5D72ED282164}.Debug|Any CPU.Build.0 = Debug|Any CPU
		{0065D853-425B-43CC-9264-5D72ED282164}.Release|Any CPU.ActiveCfg = Release|Any CPU
		{0065D853-425B-43CC-9264-5D72ED282164}.Release|Any CPU.Build.0 = Release|Any CPU
	EndGlobalSection
	GlobalSection(SolutionProperties) = preSolution
		HideSolutionNode = FALSE
	EndGlobalSection
EndGlobal
